
Microsoft Visual Studio Solution File, Format Version 12.00
# Visual Studio Version 17
VisualStudioVersion = 17.3.32929.385
MinimumVisualStudioVersion = 10.0.40219.1
Project("{2150E333-8FDC-42A3-9474-1A3956D46DE8}") = "Suyaa.Token", "Suyaa.Token", "{33A40A39-EA9C-4199-8588-6CEE7B038C66}"
EndProject
Project("{9A19103F-16F7-4668-BE54-9A1E7A4F7556}") = "Suyaa.Token.Cores", "Suyaa.Token\Suyaa.Token.Core\Suyaa.Token.Cores.csproj", "{FDCD320E-5336-4497-A2A8-CF0945163FC9}"
EndProject
Project("{9A19103F-16F7-4668-BE54-9A1E7A4F7556}") = "Suyaa.Token.Apps", "Suyaa.Token\Suyaa.Token.App\Suyaa.Token.Apps.csproj", "{3006B88C-756C-4A92-9C97-E63E9FE916DC}"
EndProject
Project("{2150E333-8FDC-42A3-9474-1A3956D46DE8}") = "Suyaa.Configure", "Suyaa.Configure", "{A10CBF0F-6643-4E22-B369-CDF1B1BCCE59}"
EndProject
Project("{9A19103F-16F7-4668-BE54-9A1E7A4F7556}") = "Suyaa.Configure.Host", "Suyaa.Configure\Suyaa.Configure.Host\Suyaa.Configure.Host.csproj", "{C9655AE8-059F-489F-94B0-B21202367A67}"
EndProject
Project("{9A19103F-16F7-4668-BE54-9A1E7A4F7556}") = "Suyaa.Configure.Apps", "Suyaa.Configure\Suyaa.Configure.App\Suyaa.Configure.Apps.csproj", "{AB723391-F228-4962-A8CD-ADC15B689E4F}"
EndProject
Project("{9A19103F-16F7-4668-BE54-9A1E7A4F7556}") = "Suyaa.Configure.Cores", "Suyaa.Configure\Suyaa.Configure.Core\Suyaa.Configure.Cores.csproj", "{B64ADDAC-B064-4D96-AB7F-E08585984192}"
EndProject
Project("{9A19103F-16F7-4668-BE54-9A1E7A4F7556}") = "Suyaa.Configure.Entities", "Suyaa.Configure\Suyaa.Configure.Entity\Suyaa.Configure.Entities.csproj", "{3C780555-12C7-44C6-88B5-911E3D463943}"
EndProject
Project("{9A19103F-16F7-4668-BE54-9A1E7A4F7556}") = "Suyaa.Configure.Basic", "Suyaa.Configure\Suyaa.Configure.Basic\Suyaa.Configure.Basic.csproj", "{361B3891-2E71-4730-8FEA-7F45689EE8BC}"
EndProject
Project("{9A19103F-16F7-4668-BE54-9A1E7A4F7556}") = "Suyaa.Token.Basic", "Suyaa.Token\Suyaa.Token.Basic\Suyaa.Token.Basic.csproj", "{2F4CB806-3D15-45A9-AE12-806628D5C70A}"
EndProject
Project("{2150E333-8FDC-42A3-9474-1A3956D46DE8}") = "Demo", "Demo", "{34DB06AB-CBE9-491C-8D82-0EE5C958C4FE}"
EndProject
Project("{9A19103F-16F7-4668-BE54-9A1E7A4F7556}") = "SqlServerDemo", "Demo\SqlServerDemo\SqlServerDemo.csproj", "{3E159C1D-EBDE-4577-A9E0-9E69FAEC695F}"
EndProject
Project("{9A19103F-16F7-4668-BE54-9A1E7A4F7556}") = "ServicesDemo", "Demo\ServicesDemo\ServicesDemo.csproj", "{848B4771-E72C-4E6E-AF4F-9F242D607823}"
EndProject
Project("{9A19103F-16F7-4668-BE54-9A1E7A4F7556}") = "PagesDemo", "Demo\PagesDemo\PagesDemo.csproj", "{B295E270-E187-432E-A79E-BE29E9AF6566}"
EndProject
Project("{2150E333-8FDC-42A3-9474-1A3956D46DE8}") = "Hosting", "Hosting", "{3275C002-E822-437E-A07E-35C138495F58}"
EndProject
Project("{9A19103F-16F7-4668-BE54-9A1E7A4F7556}") = "Suyaa.Hosting", "Hosting\Suyaa.Hosting\Suyaa.Hosting.csproj", "{C0CCA0FD-5DAD-4F4A-B874-ACE021402828}"
EndProject
Project("{9A19103F-16F7-4668-BE54-9A1E7A4F7556}") = "Suyaa.Hosting.Infrastructure", "Hosting\Suyaa.Hosting.Infrastructure\Suyaa.Hosting.Infrastructure.csproj", "{9E837619-42D1-462F-AA8B-E96F3607EE81}"
EndProject
Project("{9A19103F-16F7-4668-BE54-9A1E7A4F7556}") = "Suyaa.Hosting.Common", "Hosting\Suyaa.Hosting.Common\Suyaa.Hosting.Common.csproj", "{D9A3FD74-9A56-443D-8AB9-F3B5DC8F2981}"
EndProject
Project("{9A19103F-16F7-4668-BE54-9A1E7A4F7556}") = "Suyaa.Hosting.Core", "Hosting\Suyaa.Hosting.Core\Suyaa.Hosting.Core.csproj", "{3A34BD2C-517A-4AE6-9279-81C435A21894}"
EndProject
Project("{9A19103F-16F7-4668-BE54-9A1E7A4F7556}") = "Suyaa.Hosting.App", "Hosting\Suyaa.Hosting.App\Suyaa.Hosting.App.csproj", "{EB68B792-C9A3-46EA-929F-B425F4927F85}"
EndProject
Project("{2150E333-8FDC-42A3-9474-1A3956D46DE8}") = "Extensions", "Extensions", "{DE8313FA-094C-4842-93FE-5271C5486F0E}"
EndProject
Project("{9A19103F-16F7-4668-BE54-9A1E7A4F7556}") = "Suyaa.Hosting.AutoMapper", "Extensions\Suyaa.Hosting.AutoMapper\Suyaa.Hosting.AutoMapper.csproj", "{913ECC6D-7489-4F58-8EDE-968123F1C64D}"
EndProject
Project("{9A19103F-16F7-4668-BE54-9A1E7A4F7556}") = "Suyaa.Hosting.Jwt", "Extensions\Suyaa.Hosting.Jwt\Suyaa.Hosting.Jwt.csproj", "{3CB1F8A9-E7F8-4110-BB69-6D0FA94167CB}"
EndProject
Project("{9A19103F-16F7-4668-BE54-9A1E7A4F7556}") = "Suyaa.Hosting.Data", "Extensions\Suyaa.Hosting.Data\Suyaa.Hosting.Data.csproj", "{DF23C766-8BD2-4476-9E61-08E0A647252A}"
EndProject
Project("{9A19103F-16F7-4668-BE54-9A1E7A4F7556}") = "Suyaa.Hosting.EFCore", "Extensions\Suyaa.Hosting.EFCore\Suyaa.Hosting.EFCore.csproj", "{67528C25-A572-4937-BBA6-AA0F37D2BA46}"
EndProject
Project("{9A19103F-16F7-4668-BE54-9A1E7A4F7556}") = "Suyaa.Hosting.Multilingual", "Extensions\Suyaa.Hosting.Multilingual\Suyaa.Hosting.Multilingual.csproj", "{A7F8AFA0-D7FB-4736-B34C-BD1F0D3917EB}"
EndProject
Project("{9A19103F-16F7-4668-BE54-9A1E7A4F7556}") = "Suyaa.Hosting.UnitOfWork", "Extensions\Suyaa.Hosting.UnitOfWorks\Suyaa.Hosting.UnitOfWork.csproj", "{5F265A2B-733D-4601-B8E2-0FDD93A0AFEF}"
EndProject
Project("{9A19103F-16F7-4668-BE54-9A1E7A4F7556}") = "MiniHosting", "Demo\MiniHosting\MiniHosting.csproj", "{AE613337-314E-4A32-A10B-3A8ED48BDBDC}"
EndProject
Project("{9A19103F-16F7-4668-BE54-9A1E7A4F7556}") = "SimpleHosting", "Demo\SimpleHosting\SimpleHosting.csproj", "{8160F53D-4503-4EB8-BE8C-5B4AE22A58A7}"
EndProject
Global
	GlobalSection(SolutionConfigurationPlatforms) = preSolution
		Debug|Any CPU = Debug|Any CPU
		Release|Any CPU = Release|Any CPU
	EndGlobalSection
	GlobalSection(ProjectConfigurationPlatforms) = postSolution
		{FDCD320E-5336-4497-A2A8-CF0945163FC9}.Debug|Any CPU.ActiveCfg = Debug|Any CPU
		{FDCD320E-5336-4497-A2A8-CF0945163FC9}.Debug|Any CPU.Build.0 = Debug|Any CPU
		{FDCD320E-5336-4497-A2A8-CF0945163FC9}.Release|Any CPU.ActiveCfg = Release|Any CPU
		{FDCD320E-5336-4497-A2A8-CF0945163FC9}.Release|Any CPU.Build.0 = Release|Any CPU
		{3006B88C-756C-4A92-9C97-E63E9FE916DC}.Debug|Any CPU.ActiveCfg = Debug|Any CPU
		{3006B88C-756C-4A92-9C97-E63E9FE916DC}.Debug|Any CPU.Build.0 = Debug|Any CPU
		{3006B88C-756C-4A92-9C97-E63E9FE916DC}.Release|Any CPU.ActiveCfg = Release|Any CPU
		{3006B88C-756C-4A92-9C97-E63E9FE916DC}.Release|Any CPU.Build.0 = Release|Any CPU
		{C9655AE8-059F-489F-94B0-B21202367A67}.Debug|Any CPU.ActiveCfg = Debug|Any CPU
		{C9655AE8-059F-489F-94B0-B21202367A67}.Debug|Any CPU.Build.0 = Debug|Any CPU
		{C9655AE8-059F-489F-94B0-B21202367A67}.Release|Any CPU.ActiveCfg = Release|Any CPU
		{C9655AE8-059F-489F-94B0-B21202367A67}.Release|Any CPU.Build.0 = Release|Any CPU
		{AB723391-F228-4962-A8CD-ADC15B689E4F}.Debug|Any CPU.ActiveCfg = Debug|Any CPU
		{AB723391-F228-4962-A8CD-ADC15B689E4F}.Debug|Any CPU.Build.0 = Debug|Any CPU
		{AB723391-F228-4962-A8CD-ADC15B689E4F}.Release|Any CPU.ActiveCfg = Release|Any CPU
		{AB723391-F228-4962-A8CD-ADC15B689E4F}.Release|Any CPU.Build.0 = Release|Any CPU
		{B64ADDAC-B064-4D96-AB7F-E08585984192}.Debug|Any CPU.ActiveCfg = Debug|Any CPU
		{B64ADDAC-B064-4D96-AB7F-E08585984192}.Debug|Any CPU.Build.0 = Debug|Any CPU
		{B64ADDAC-B064-4D96-AB7F-E08585984192}.Release|Any CPU.ActiveCfg = Release|Any CPU
		{B64ADDAC-B064-4D96-AB7F-E08585984192}.Release|Any CPU.Build.0 = Release|Any CPU
		{3C780555-12C7-44C6-88B5-911E3D463943}.Debug|Any CPU.ActiveCfg = Debug|Any CPU
		{3C780555-12C7-44C6-88B5-911E3D463943}.Debug|Any CPU.Build.0 = Debug|Any CPU
		{3C780555-12C7-44C6-88B5-911E3D463943}.Release|Any CPU.ActiveCfg = Release|Any CPU
		{3C780555-12C7-44C6-88B5-911E3D463943}.Release|Any CPU.Build.0 = Release|Any CPU
		{361B3891-2E71-4730-8FEA-7F45689EE8BC}.Debug|Any CPU.ActiveCfg = Debug|Any CPU
		{361B3891-2E71-4730-8FEA-7F45689EE8BC}.Debug|Any CPU.Build.0 = Debug|Any CPU
		{361B3891-2E71-4730-8FEA-7F45689EE8BC}.Release|Any CPU.ActiveCfg = Release|Any CPU
		{361B3891-2E71-4730-8FEA-7F45689EE8BC}.Release|Any CPU.Build.0 = Release|Any CPU
		{2F4CB806-3D15-45A9-AE12-806628D5C70A}.Debug|Any CPU.ActiveCfg = Debug|Any CPU
		{2F4CB806-3D15-45A9-AE12-806628D5C70A}.Debug|Any CPU.Build.0 = Debug|Any CPU
		{2F4CB806-3D15-45A9-AE12-806628D5C70A}.Release|Any CPU.ActiveCfg = Release|Any CPU
		{2F4CB806-3D15-45A9-AE12-806628D5C70A}.Release|Any CPU.Build.0 = Release|Any CPU
		{3E159C1D-EBDE-4577-A9E0-9E69FAEC695F}.Debug|Any CPU.ActiveCfg = Debug|Any CPU
		{3E159C1D-EBDE-4577-A9E0-9E69FAEC695F}.Debug|Any CPU.Build.0 = Debug|Any CPU
		{3E159C1D-EBDE-4577-A9E0-9E69FAEC695F}.Release|Any CPU.ActiveCfg = Release|Any CPU
		{3E159C1D-EBDE-4577-A9E0-9E69FAEC695F}.Release|Any CPU.Build.0 = Release|Any CPU
		{848B4771-E72C-4E6E-AF4F-9F242D607823}.Debug|Any CPU.ActiveCfg = Debug|Any CPU
		{848B4771-E72C-4E6E-AF4F-9F242D607823}.Debug|Any CPU.Build.0 = Debug|Any CPU
		{848B4771-E72C-4E6E-AF4F-9F242D607823}.Release|Any CPU.ActiveCfg = Release|Any CPU
		{848B4771-E72C-4E6E-AF4F-9F242D607823}.Release|Any CPU.Build.0 = Release|Any CPU
		{B295E270-E187-432E-A79E-BE29E9AF6566}.Debug|Any CPU.ActiveCfg = Debug|Any CPU
		{B295E270-E187-432E-A79E-BE29E9AF6566}.Debug|Any CPU.Build.0 = Debug|Any CPU
		{B295E270-E187-432E-A79E-BE29E9AF6566}.Release|Any CPU.ActiveCfg = Release|Any CPU
		{B295E270-E187-432E-A79E-BE29E9AF6566}.Release|Any CPU.Build.0 = Release|Any CPU
		{C0CCA0FD-5DAD-4F4A-B874-ACE021402828}.Debug|Any CPU.ActiveCfg = Debug|Any CPU
		{C0CCA0FD-5DAD-4F4A-B874-ACE021402828}.Debug|Any CPU.Build.0 = Debug|Any CPU
		{C0CCA0FD-5DAD-4F4A-B874-ACE021402828}.Release|Any CPU.ActiveCfg = Release|Any CPU
		{C0CCA0FD-5DAD-4F4A-B874-ACE021402828}.Release|Any CPU.Build.0 = Release|Any CPU
		{9E837619-42D1-462F-AA8B-E96F3607EE81}.Debug|Any CPU.ActiveCfg = Debug|Any CPU
		{9E837619-42D1-462F-AA8B-E96F3607EE81}.Debug|Any CPU.Build.0 = Debug|Any CPU
		{9E837619-42D1-462F-AA8B-E96F3607EE81}.Release|Any CPU.ActiveCfg = Release|Any CPU
		{9E837619-42D1-462F-AA8B-E96F3607EE81}.Release|Any CPU.Build.0 = Release|Any CPU
		{D9A3FD74-9A56-443D-8AB9-F3B5DC8F2981}.Debug|Any CPU.ActiveCfg = Debug|Any CPU
		{D9A3FD74-9A56-443D-8AB9-F3B5DC8F2981}.Debug|Any CPU.Build.0 = Debug|Any CPU
		{D9A3FD74-9A56-443D-8AB9-F3B5DC8F2981}.Release|Any CPU.ActiveCfg = Release|Any CPU
		{D9A3FD74-9A56-443D-8AB9-F3B5DC8F2981}.Release|Any CPU.Build.0 = Release|Any CPU
		{3A34BD2C-517A-4AE6-9279-81C435A21894}.Debug|Any CPU.ActiveCfg = Debug|Any CPU
		{3A34BD2C-517A-4AE6-9279-81C435A21894}.Debug|Any CPU.Build.0 = Debug|Any CPU
		{3A34BD2C-517A-4AE6-9279-81C435A21894}.Release|Any CPU.ActiveCfg = Release|Any CPU
		{3A34BD2C-517A-4AE6-9279-81C435A21894}.Release|Any CPU.Build.0 = Release|Any CPU
		{EB68B792-C9A3-46EA-929F-B425F4927F85}.Debug|Any CPU.ActiveCfg = Debug|Any CPU
		{EB68B792-C9A3-46EA-929F-B425F4927F85}.Debug|Any CPU.Build.0 = Debug|Any CPU
		{EB68B792-C9A3-46EA-929F-B425F4927F85}.Release|Any CPU.ActiveCfg = Release|Any CPU
		{EB68B792-C9A3-46EA-929F-B425F4927F85}.Release|Any CPU.Build.0 = Release|Any CPU
		{913ECC6D-7489-4F58-8EDE-968123F1C64D}.Debug|Any CPU.ActiveCfg = Debug|Any CPU
		{913ECC6D-7489-4F58-8EDE-968123F1C64D}.Debug|Any CPU.Build.0 = Debug|Any CPU
		{913ECC6D-7489-4F58-8EDE-968123F1C64D}.Release|Any CPU.ActiveCfg = Release|Any CPU
		{913ECC6D-7489-4F58-8EDE-968123F1C64D}.Release|Any CPU.Build.0 = Release|Any CPU
		{3CB1F8A9-E7F8-4110-BB69-6D0FA94167CB}.Debug|Any CPU.ActiveCfg = Debug|Any CPU
		{3CB1F8A9-E7F8-4110-BB69-6D0FA94167CB}.Debug|Any CPU.Build.0 = Debug|Any CPU
		{3CB1F8A9-E7F8-4110-BB69-6D0FA94167CB}.Release|Any CPU.ActiveCfg = Release|Any CPU
		{3CB1F8A9-E7F8-4110-BB69-6D0FA94167CB}.Release|Any CPU.Build.0 = Release|Any CPU
		{DF23C766-8BD2-4476-9E61-08E0A647252A}.Debug|Any CPU.ActiveCfg = Debug|Any CPU
		{DF23C766-8BD2-4476-9E61-08E0A647252A}.Debug|Any CPU.Build.0 = Debug|Any CPU
		{DF23C766-8BD2-4476-9E61-08E0A647252A}.Release|Any CPU.ActiveCfg = Release|Any CPU
		{DF23C766-8BD2-4476-9E61-08E0A647252A}.Release|Any CPU.Build.0 = Release|Any CPU
		{67528C25-A572-4937-BBA6-AA0F37D2BA46}.Debug|Any CPU.ActiveCfg = Debug|Any CPU
		{67528C25-A572-4937-BBA6-AA0F37D2BA46}.Debug|Any CPU.Build.0 = Debug|Any CPU
		{67528C25-A572-4937-BBA6-AA0F37D2BA46}.Release|Any CPU.ActiveCfg = Release|Any CPU
		{67528C25-A572-4937-BBA6-AA0F37D2BA46}.Release|Any CPU.Build.0 = Release|Any CPU
		{A7F8AFA0-D7FB-4736-B34C-BD1F0D3917EB}.Debug|Any CPU.ActiveCfg = Debug|Any CPU
		{A7F8AFA0-D7FB-4736-B34C-BD1F0D3917EB}.Debug|Any CPU.Build.0 = Debug|Any CPU
		{A7F8AFA0-D7FB-4736-B34C-BD1F0D3917EB}.Release|Any CPU.ActiveCfg = Release|Any CPU
		{A7F8AFA0-D7FB-4736-B34C-BD1F0D3917EB}.Release|Any CPU.Build.0 = Release|Any CPU
		{5F265A2B-733D-4601-B8E2-0FDD93A0AFEF}.Debug|Any CPU.ActiveCfg = Debug|Any CPU
		{5F265A2B-733D-4601-B8E2-0FDD93A0AFEF}.Debug|Any CPU.Build.0 = Debug|Any CPU
		{5F265A2B-733D-4601-B8E2-0FDD93A0AFEF}.Release|Any CPU.ActiveCfg = Release|Any CPU
		{5F265A2B-733D-4601-B8E2-0FDD93A0AFEF}.Release|Any CPU.Build.0 = Release|Any CPU
		{AE613337-314E-4A32-A10B-3A8ED48BDBDC}.Debug|Any CPU.ActiveCfg = Debug|Any CPU
		{AE613337-314E-4A32-A10B-3A8ED48BDBDC}.Debug|Any CPU.Build.0 = Debug|Any CPU
		{AE613337-314E-4A32-A10B-3A8ED48BDBDC}.Release|Any CPU.ActiveCfg = Release|Any CPU
		{AE613337-314E-4A32-A10B-3A8ED48BDBDC}.Release|Any CPU.Build.0 = Release|Any CPU
		{8160F53D-4503-4EB8-BE8C-5B4AE22A58A7}.Debug|Any CPU.ActiveCfg = Debug|Any CPU
		{8160F53D-4503-4EB8-BE8C-5B4AE22A58A7}.Debug|Any CPU.Build.0 = Debug|Any CPU
		{8160F53D-4503-4EB8-BE8C-5B4AE22A58A7}.Release|Any CPU.ActiveCfg = Release|Any CPU
		{8160F53D-4503-4EB8-BE8C-5B4AE22A58A7}.Release|Any CPU.Build.0 = Release|Any CPU
	EndGlobalSection
	GlobalSection(SolutionProperties) = preSolution
		HideSolutionNode = FALSE
	EndGlobalSection
	GlobalSection(NestedProjects) = preSolution
		{FDCD320E-5336-4497-A2A8-CF0945163FC9} = {33A40A39-EA9C-4199-8588-6CEE7B038C66}
		{3006B88C-756C-4A92-9C97-E63E9FE916DC} = {33A40A39-EA9C-4199-8588-6CEE7B038C66}
		{C9655AE8-059F-489F-94B0-B21202367A67} = {A10CBF0F-6643-4E22-B369-CDF1B1BCCE59}
		{AB723391-F228-4962-A8CD-ADC15B689E4F} = {A10CBF0F-6643-4E22-B369-CDF1B1BCCE59}
		{B64ADDAC-B064-4D96-AB7F-E08585984192} = {A10CBF0F-6643-4E22-B369-CDF1B1BCCE59}
		{3C780555-12C7-44C6-88B5-911E3D463943} = {A10CBF0F-6643-4E22-B369-CDF1B1BCCE59}
		{361B3891-2E71-4730-8FEA-7F45689EE8BC} = {A10CBF0F-6643-4E22-B369-CDF1B1BCCE59}
		{2F4CB806-3D15-45A9-AE12-806628D5C70A} = {33A40A39-EA9C-4199-8588-6CEE7B038C66}
		{3E159C1D-EBDE-4577-A9E0-9E69FAEC695F} = {34DB06AB-CBE9-491C-8D82-0EE5C958C4FE}
		{848B4771-E72C-4E6E-AF4F-9F242D607823} = {34DB06AB-CBE9-491C-8D82-0EE5C958C4FE}
		{B295E270-E187-432E-A79E-BE29E9AF6566} = {34DB06AB-CBE9-491C-8D82-0EE5C958C4FE}
		{C0CCA0FD-5DAD-4F4A-B874-ACE021402828} = {3275C002-E822-437E-A07E-35C138495F58}
		{9E837619-42D1-462F-AA8B-E96F3607EE81} = {3275C002-E822-437E-A07E-35C138495F58}
		{D9A3FD74-9A56-443D-8AB9-F3B5DC8F2981} = {3275C002-E822-437E-A07E-35C138495F58}
		{3A34BD2C-517A-4AE6-9279-81C435A21894} = {3275C002-E822-437E-A07E-35C138495F58}
		{EB68B792-C9A3-46EA-929F-B425F4927F85} = {3275C002-E822-437E-A07E-35C138495F58}
		{913ECC6D-7489-4F58-8EDE-968123F1C64D} = {DE8313FA-094C-4842-93FE-5271C5486F0E}
		{3CB1F8A9-E7F8-4110-BB69-6D0FA94167CB} = {DE8313FA-094C-4842-93FE-5271C5486F0E}
		{DF23C766-8BD2-4476-9E61-08E0A647252A} = {DE8313FA-094C-4842-93FE-5271C5486F0E}
		{67528C25-A572-4937-BBA6-AA0F37D2BA46} = {DE8313FA-094C-4842-93FE-5271C5486F0E}
		{A7F8AFA0-D7FB-4736-B34C-BD1F0D3917EB} = {DE8313FA-094C-4842-93FE-5271C5486F0E}
		{5F265A2B-733D-4601-B8E2-0FDD93A0AFEF} = {DE8313FA-094C-4842-93FE-5271C5486F0E}
		{AE613337-314E-4A32-A10B-3A8ED48BDBDC} = {34DB06AB-CBE9-491C-8D82-0EE5C958C4FE}
		{8160F53D-4503-4EB8-BE8C-5B4AE22A58A7} = {34DB06AB-CBE9-491C-8D82-0EE5C958C4FE}
	EndGlobalSection
	GlobalSection(ExtensibilityGlobals) = postSolution
		SolutionGuid = {23FC978D-1BFE-4D83-8947-4484CE603405}
	EndGlobalSection
EndGlobal
