
Microsoft Visual Studio Solution File, Format Version 12.00
# Visual Studio Version 17
VisualStudioVersion = 17.3.32929.385
MinimumVisualStudioVersion = 10.0.40219.1
Project("{9A19103F-16F7-4668-BE54-9A1E7A4F7556}") = "Suyaa.Hosting", "Suyaa.Hosting\Suyaa.Hosting.csproj", "{E5E721D5-FA01-4505-9D76-FA732E885A4F}"
EndProject
Project("{2150E333-8FDC-42A3-9474-1A3956D46DE8}") = "Suyaa.Token", "Suyaa.Token", "{33A40A39-EA9C-4199-8588-6CEE7B038C66}"
EndProject
Project("{9A19103F-16F7-4668-BE54-9A1E7A4F7556}") = "Suyaa.Token.Cores", "Suyaa.Token\Suyaa.Token.Core\Suyaa.Token.Cores.csproj", "{FDCD320E-5336-4497-A2A8-CF0945163FC9}"
EndProject
Project("{9A19103F-16F7-4668-BE54-9A1E7A4F7556}") = "Suyaa.Token.Apps", "Suyaa.Token\Suyaa.Token.App\Suyaa.Token.Apps.csproj", "{3006B88C-756C-4A92-9C97-E63E9FE916DC}"
EndProject
Project("{2150E333-8FDC-42A3-9474-1A3956D46DE8}") = "Suyaa.Configure", "Suyaa.Configure", "{A10CBF0F-6643-4E22-B369-CDF1B1BCCE59}"
EndProject
Project("{9A19103F-16F7-4668-BE54-9A1E7A4F7556}") = "Suyaa.Configure.Host", "Suyaa.Configure\Suyaa.Configure.Host\Suyaa.Configure.Host.csproj", "{C9655AE8-059F-489F-94B0-B21202367A67}"
EndProject
Project("{9A19103F-16F7-4668-BE54-9A1E7A4F7556}") = "Suyaa.Configure.Apps", "Suyaa.Configure\Suyaa.Configure.App\Suyaa.Configure.Apps.csproj", "{AB723391-F228-4962-A8CD-ADC15B689E4F}"
EndProject
Project("{9A19103F-16F7-4668-BE54-9A1E7A4F7556}") = "Suyaa.Configure.Cores", "Suyaa.Configure\Suyaa.Configure.Core\Suyaa.Configure.Cores.csproj", "{B64ADDAC-B064-4D96-AB7F-E08585984192}"
EndProject
Project("{9A19103F-16F7-4668-BE54-9A1E7A4F7556}") = "Suyaa.Configure.Entities", "Suyaa.Configure\Suyaa.Configure.Entity\Suyaa.Configure.Entities.csproj", "{3C780555-12C7-44C6-88B5-911E3D463943}"
EndProject
Project("{9A19103F-16F7-4668-BE54-9A1E7A4F7556}") = "Suyaa.Configure.Basic", "Suyaa.Configure\Suyaa.Configure.Basic\Suyaa.Configure.Basic.csproj", "{361B3891-2E71-4730-8FEA-7F45689EE8BC}"
EndProject
Project("{9A19103F-16F7-4668-BE54-9A1E7A4F7556}") = "Suyaa.Token.Basic", "Suyaa.Token\Suyaa.Token.Basic\Suyaa.Token.Basic.csproj", "{2F4CB806-3D15-45A9-AE12-806628D5C70A}"
EndProject
Project("{9A19103F-16F7-4668-BE54-9A1E7A4F7556}") = "Suyaa.Hosting.Multilingual", "Suyaa.Hosting.Multilingual\Suyaa.Hosting.Multilingual.csproj", "{4922B689-4AC1-4120-9511-4702F0A694F1}"
EndProject
Project("{9A19103F-16F7-4668-BE54-9A1E7A4F7556}") = "Suyaa.DependencyInjection", "Suyaa.Hosting.DependencyInjection\Suyaa.DependencyInjection.csproj", "{6D610E5B-B96F-48F4-B0E6-751984258C01}"
EndProject
Project("{9A19103F-16F7-4668-BE54-9A1E7A4F7556}") = "Suyaa.DependencyInjection.ServiceCollection", "Suyaa.DependencyInjection.ServiceCollection\Suyaa.DependencyInjection.ServiceCollection.csproj", "{8C831B79-0A43-40B0-BEDB-9673827B1E25}"
EndProject
Project("{9A19103F-16F7-4668-BE54-9A1E7A4F7556}") = "Suyaa.Hosting.Jwt", "Suyaa.Hosting.Jwt\Suyaa.Hosting.Jwt.csproj", "{4131FF5D-179D-4DCD-B85F-4CE71A6F7756}"
EndProject
Project("{9A19103F-16F7-4668-BE54-9A1E7A4F7556}") = "Suyaa.Hosting.Kernel", "Suyaa.Hosting.Kernel\Suyaa.Hosting.Kernel.csproj", "{C1A64F4C-9514-48B3-8805-907AF070E96B}"
EndProject
Project("{9A19103F-16F7-4668-BE54-9A1E7A4F7556}") = "Suyaa.Hosting.UnitOfWorks", "Suyaa.Hosting.UnitOfWorks\Suyaa.Hosting.UnitOfWorks.csproj", "{340B9052-2E23-42CF-AC81-CF04E933BA4A}"
EndProject
Project("{9A19103F-16F7-4668-BE54-9A1E7A4F7556}") = "Suyaa.Hosting.AutoMapper", "Suyaa.Hosting.AutoMapper\Suyaa.Hosting.AutoMapper.csproj", "{E449A7EA-C9E5-480B-864C-E9A7DC61419D}"
EndProject
Project("{9A19103F-16F7-4668-BE54-9A1E7A4F7556}") = "Suyaa.Hosting.EFCore", "Suyaa.Hosting.EFCore\Suyaa.Hosting.EFCore.csproj", "{A78C3F97-BBD8-4B9C-9972-BA8829788591}"
EndProject
Project("{2150E333-8FDC-42A3-9474-1A3956D46DE8}") = "Demo", "Demo", "{34DB06AB-CBE9-491C-8D82-0EE5C958C4FE}"
EndProject
Project("{9A19103F-16F7-4668-BE54-9A1E7A4F7556}") = "SqlServerDemo", "Demo\SqlServerDemo\SqlServerDemo.csproj", "{3E159C1D-EBDE-4577-A9E0-9E69FAEC695F}"
EndProject
Project("{9A19103F-16F7-4668-BE54-9A1E7A4F7556}") = "Suyaa.Hosting.Data", "Suyaa.Hosting.Data\Suyaa.Hosting.Data.csproj", "{748DE1DF-18DA-456D-8E49-2193883F02CC}"
EndProject
Project("{9A19103F-16F7-4668-BE54-9A1E7A4F7556}") = "ServicesDemo", "Demo\ServicesDemo\ServicesDemo.csproj", "{848B4771-E72C-4E6E-AF4F-9F242D607823}"
EndProject
Project("{FAE04EC0-301F-11D3-BF4B-00C04F79EFBC}") = "PagesDemo", "Demo\PagesDemo\PagesDemo.csproj", "{B295E270-E187-432E-A79E-BE29E9AF6566}"
EndProject
Global
	GlobalSection(SolutionConfigurationPlatforms) = preSolution
		Debug|Any CPU = Debug|Any CPU
		Release|Any CPU = Release|Any CPU
	EndGlobalSection
	GlobalSection(ProjectConfigurationPlatforms) = postSolution
		{E5E721D5-FA01-4505-9D76-FA732E885A4F}.Debug|Any CPU.ActiveCfg = Debug|Any CPU
		{E5E721D5-FA01-4505-9D76-FA732E885A4F}.Debug|Any CPU.Build.0 = Debug|Any CPU
		{E5E721D5-FA01-4505-9D76-FA732E885A4F}.Release|Any CPU.ActiveCfg = Release|Any CPU
		{E5E721D5-FA01-4505-9D76-FA732E885A4F}.Release|Any CPU.Build.0 = Release|Any CPU
		{FDCD320E-5336-4497-A2A8-CF0945163FC9}.Debug|Any CPU.ActiveCfg = Debug|Any CPU
		{FDCD320E-5336-4497-A2A8-CF0945163FC9}.Debug|Any CPU.Build.0 = Debug|Any CPU
		{FDCD320E-5336-4497-A2A8-CF0945163FC9}.Release|Any CPU.ActiveCfg = Release|Any CPU
		{FDCD320E-5336-4497-A2A8-CF0945163FC9}.Release|Any CPU.Build.0 = Release|Any CPU
		{3006B88C-756C-4A92-9C97-E63E9FE916DC}.Debug|Any CPU.ActiveCfg = Debug|Any CPU
		{3006B88C-756C-4A92-9C97-E63E9FE916DC}.Debug|Any CPU.Build.0 = Debug|Any CPU
		{3006B88C-756C-4A92-9C97-E63E9FE916DC}.Release|Any CPU.ActiveCfg = Release|Any CPU
		{3006B88C-756C-4A92-9C97-E63E9FE916DC}.Release|Any CPU.Build.0 = Release|Any CPU
		{C9655AE8-059F-489F-94B0-B21202367A67}.Debug|Any CPU.ActiveCfg = Debug|Any CPU
		{C9655AE8-059F-489F-94B0-B21202367A67}.Debug|Any CPU.Build.0 = Debug|Any CPU
		{C9655AE8-059F-489F-94B0-B21202367A67}.Release|Any CPU.ActiveCfg = Release|Any CPU
		{C9655AE8-059F-489F-94B0-B21202367A67}.Release|Any CPU.Build.0 = Release|Any CPU
		{AB723391-F228-4962-A8CD-ADC15B689E4F}.Debug|Any CPU.ActiveCfg = Debug|Any CPU
		{AB723391-F228-4962-A8CD-ADC15B689E4F}.Debug|Any CPU.Build.0 = Debug|Any CPU
		{AB723391-F228-4962-A8CD-ADC15B689E4F}.Release|Any CPU.ActiveCfg = Release|Any CPU
		{AB723391-F228-4962-A8CD-ADC15B689E4F}.Release|Any CPU.Build.0 = Release|Any CPU
		{B64ADDAC-B064-4D96-AB7F-E08585984192}.Debug|Any CPU.ActiveCfg = Debug|Any CPU
		{B64ADDAC-B064-4D96-AB7F-E08585984192}.Debug|Any CPU.Build.0 = Debug|Any CPU
		{B64ADDAC-B064-4D96-AB7F-E08585984192}.Release|Any CPU.ActiveCfg = Release|Any CPU
		{B64ADDAC-B064-4D96-AB7F-E08585984192}.Release|Any CPU.Build.0 = Release|Any CPU
		{3C780555-12C7-44C6-88B5-911E3D463943}.Debug|Any CPU.ActiveCfg = Debug|Any CPU
		{3C780555-12C7-44C6-88B5-911E3D463943}.Debug|Any CPU.Build.0 = Debug|Any CPU
		{3C780555-12C7-44C6-88B5-911E3D463943}.Release|Any CPU.ActiveCfg = Release|Any CPU
		{3C780555-12C7-44C6-88B5-911E3D463943}.Release|Any CPU.Build.0 = Release|Any CPU
		{361B3891-2E71-4730-8FEA-7F45689EE8BC}.Debug|Any CPU.ActiveCfg = Debug|Any CPU
		{361B3891-2E71-4730-8FEA-7F45689EE8BC}.Debug|Any CPU.Build.0 = Debug|Any CPU
		{361B3891-2E71-4730-8FEA-7F45689EE8BC}.Release|Any CPU.ActiveCfg = Release|Any CPU
		{361B3891-2E71-4730-8FEA-7F45689EE8BC}.Release|Any CPU.Build.0 = Release|Any CPU
		{2F4CB806-3D15-45A9-AE12-806628D5C70A}.Debug|Any CPU.ActiveCfg = Debug|Any CPU
		{2F4CB806-3D15-45A9-AE12-806628D5C70A}.Debug|Any CPU.Build.0 = Debug|Any CPU
		{2F4CB806-3D15-45A9-AE12-806628D5C70A}.Release|Any CPU.ActiveCfg = Release|Any CPU
		{2F4CB806-3D15-45A9-AE12-806628D5C70A}.Release|Any CPU.Build.0 = Release|Any CPU
		{4922B689-4AC1-4120-9511-4702F0A694F1}.Debug|Any CPU.ActiveCfg = Debug|Any CPU
		{4922B689-4AC1-4120-9511-4702F0A694F1}.Debug|Any CPU.Build.0 = Debug|Any CPU
		{4922B689-4AC1-4120-9511-4702F0A694F1}.Release|Any CPU.ActiveCfg = Release|Any CPU
		{4922B689-4AC1-4120-9511-4702F0A694F1}.Release|Any CPU.Build.0 = Release|Any CPU
		{6D610E5B-B96F-48F4-B0E6-751984258C01}.Debug|Any CPU.ActiveCfg = Debug|Any CPU
		{6D610E5B-B96F-48F4-B0E6-751984258C01}.Debug|Any CPU.Build.0 = Debug|Any CPU
		{6D610E5B-B96F-48F4-B0E6-751984258C01}.Release|Any CPU.ActiveCfg = Release|Any CPU
		{6D610E5B-B96F-48F4-B0E6-751984258C01}.Release|Any CPU.Build.0 = Release|Any CPU
		{8C831B79-0A43-40B0-BEDB-9673827B1E25}.Debug|Any CPU.ActiveCfg = Debug|Any CPU
		{8C831B79-0A43-40B0-BEDB-9673827B1E25}.Debug|Any CPU.Build.0 = Debug|Any CPU
		{8C831B79-0A43-40B0-BEDB-9673827B1E25}.Release|Any CPU.ActiveCfg = Release|Any CPU
		{8C831B79-0A43-40B0-BEDB-9673827B1E25}.Release|Any CPU.Build.0 = Release|Any CPU
		{4131FF5D-179D-4DCD-B85F-4CE71A6F7756}.Debug|Any CPU.ActiveCfg = Debug|Any CPU
		{4131FF5D-179D-4DCD-B85F-4CE71A6F7756}.Debug|Any CPU.Build.0 = Debug|Any CPU
		{4131FF5D-179D-4DCD-B85F-4CE71A6F7756}.Release|Any CPU.ActiveCfg = Release|Any CPU
		{4131FF5D-179D-4DCD-B85F-4CE71A6F7756}.Release|Any CPU.Build.0 = Release|Any CPU
		{C1A64F4C-9514-48B3-8805-907AF070E96B}.Debug|Any CPU.ActiveCfg = Debug|Any CPU
		{C1A64F4C-9514-48B3-8805-907AF070E96B}.Debug|Any CPU.Build.0 = Debug|Any CPU
		{C1A64F4C-9514-48B3-8805-907AF070E96B}.Release|Any CPU.ActiveCfg = Release|Any CPU
		{C1A64F4C-9514-48B3-8805-907AF070E96B}.Release|Any CPU.Build.0 = Release|Any CPU
		{340B9052-2E23-42CF-AC81-CF04E933BA4A}.Debug|Any CPU.ActiveCfg = Debug|Any CPU
		{340B9052-2E23-42CF-AC81-CF04E933BA4A}.Debug|Any CPU.Build.0 = Debug|Any CPU
		{340B9052-2E23-42CF-AC81-CF04E933BA4A}.Release|Any CPU.ActiveCfg = Release|Any CPU
		{340B9052-2E23-42CF-AC81-CF04E933BA4A}.Release|Any CPU.Build.0 = Release|Any CPU
		{E449A7EA-C9E5-480B-864C-E9A7DC61419D}.Debug|Any CPU.ActiveCfg = Debug|Any CPU
		{E449A7EA-C9E5-480B-864C-E9A7DC61419D}.Debug|Any CPU.Build.0 = Debug|Any CPU
		{E449A7EA-C9E5-480B-864C-E9A7DC61419D}.Release|Any CPU.ActiveCfg = Release|Any CPU
		{E449A7EA-C9E5-480B-864C-E9A7DC61419D}.Release|Any CPU.Build.0 = Release|Any CPU
		{A78C3F97-BBD8-4B9C-9972-BA8829788591}.Debug|Any CPU.ActiveCfg = Debug|Any CPU
		{A78C3F97-BBD8-4B9C-9972-BA8829788591}.Debug|Any CPU.Build.0 = Debug|Any CPU
		{A78C3F97-BBD8-4B9C-9972-BA8829788591}.Release|Any CPU.ActiveCfg = Release|Any CPU
		{A78C3F97-BBD8-4B9C-9972-BA8829788591}.Release|Any CPU.Build.0 = Release|Any CPU
		{3E159C1D-EBDE-4577-A9E0-9E69FAEC695F}.Debug|Any CPU.ActiveCfg = Debug|Any CPU
		{3E159C1D-EBDE-4577-A9E0-9E69FAEC695F}.Debug|Any CPU.Build.0 = Debug|Any CPU
		{3E159C1D-EBDE-4577-A9E0-9E69FAEC695F}.Release|Any CPU.ActiveCfg = Release|Any CPU
		{3E159C1D-EBDE-4577-A9E0-9E69FAEC695F}.Release|Any CPU.Build.0 = Release|Any CPU
		{748DE1DF-18DA-456D-8E49-2193883F02CC}.Debug|Any CPU.ActiveCfg = Debug|Any CPU
		{748DE1DF-18DA-456D-8E49-2193883F02CC}.Debug|Any CPU.Build.0 = Debug|Any CPU
		{748DE1DF-18DA-456D-8E49-2193883F02CC}.Release|Any CPU.ActiveCfg = Release|Any CPU
		{748DE1DF-18DA-456D-8E49-2193883F02CC}.Release|Any CPU.Build.0 = Release|Any CPU
		{848B4771-E72C-4E6E-AF4F-9F242D607823}.Debug|Any CPU.ActiveCfg = Debug|Any CPU
		{848B4771-E72C-4E6E-AF4F-9F242D607823}.Debug|Any CPU.Build.0 = Debug|Any CPU
		{848B4771-E72C-4E6E-AF4F-9F242D607823}.Release|Any CPU.ActiveCfg = Release|Any CPU
		{848B4771-E72C-4E6E-AF4F-9F242D607823}.Release|Any CPU.Build.0 = Release|Any CPU
		{B295E270-E187-432E-A79E-BE29E9AF6566}.Debug|Any CPU.ActiveCfg = Debug|Any CPU
		{B295E270-E187-432E-A79E-BE29E9AF6566}.Debug|Any CPU.Build.0 = Debug|Any CPU
		{B295E270-E187-432E-A79E-BE29E9AF6566}.Release|Any CPU.ActiveCfg = Release|Any CPU
		{B295E270-E187-432E-A79E-BE29E9AF6566}.Release|Any CPU.Build.0 = Release|Any CPU
	EndGlobalSection
	GlobalSection(SolutionProperties) = preSolution
		HideSolutionNode = FALSE
	EndGlobalSection
	GlobalSection(NestedProjects) = preSolution
		{FDCD320E-5336-4497-A2A8-CF0945163FC9} = {33A40A39-EA9C-4199-8588-6CEE7B038C66}
		{3006B88C-756C-4A92-9C97-E63E9FE916DC} = {33A40A39-EA9C-4199-8588-6CEE7B038C66}
		{C9655AE8-059F-489F-94B0-B21202367A67} = {A10CBF0F-6643-4E22-B369-CDF1B1BCCE59}
		{AB723391-F228-4962-A8CD-ADC15B689E4F} = {A10CBF0F-6643-4E22-B369-CDF1B1BCCE59}
		{B64ADDAC-B064-4D96-AB7F-E08585984192} = {A10CBF0F-6643-4E22-B369-CDF1B1BCCE59}
		{3C780555-12C7-44C6-88B5-911E3D463943} = {A10CBF0F-6643-4E22-B369-CDF1B1BCCE59}
		{361B3891-2E71-4730-8FEA-7F45689EE8BC} = {A10CBF0F-6643-4E22-B369-CDF1B1BCCE59}
		{2F4CB806-3D15-45A9-AE12-806628D5C70A} = {33A40A39-EA9C-4199-8588-6CEE7B038C66}
		{3E159C1D-EBDE-4577-A9E0-9E69FAEC695F} = {34DB06AB-CBE9-491C-8D82-0EE5C958C4FE}
		{848B4771-E72C-4E6E-AF4F-9F242D607823} = {34DB06AB-CBE9-491C-8D82-0EE5C958C4FE}
		{B295E270-E187-432E-A79E-BE29E9AF6566} = {34DB06AB-CBE9-491C-8D82-0EE5C958C4FE}
	EndGlobalSection
	GlobalSection(ExtensibilityGlobals) = postSolution
		SolutionGuid = {23FC978D-1BFE-4D83-8947-4484CE603405}
	EndGlobalSection
EndGlobal
