
Microsoft Visual Studio Solution File, Format Version 12.00
# Visual Studio Version 17
VisualStudioVersion = 17.3.32929.385
MinimumVisualStudioVersion = 10.0.40219.1
Project("{9A19103F-16F7-4668-BE54-9A1E7A4F7556}") = "Suyaa.Microservice", "Suyaa.Microservice\Suyaa.Microservice.csproj", "{E5E721D5-FA01-4505-9D76-FA732E885A4F}"
EndProject
Project("{FAE04EC0-301F-11D3-BF4B-00C04F79EFBC}") = "Suyaa.Microservice.TestHost", "Suyaa.Microservice.TestHost\Suyaa.Microservice.TestHost.csproj", "{83E291EC-12D0-4457-8169-E960A9DD1732}"
EndProject
Project("{FAE04EC0-301F-11D3-BF4B-00C04F79EFBC}") = "Suyaa.Microservice.Test", "Suyaa.Microservice.Test\Suyaa.Microservice.Test.csproj", "{74A0DC13-2216-43B9-9D16-AAD1C8350581}"
EndProject
Global
	GlobalSection(SolutionConfigurationPlatforms) = preSolution
		Debug|Any CPU = Debug|Any CPU
		Release|Any CPU = Release|Any CPU
	EndGlobalSection
	GlobalSection(ProjectConfigurationPlatforms) = postSolution
		{E5E721D5-FA01-4505-9D76-FA732E885A4F}.Debug|Any CPU.ActiveCfg = Debug|Any CPU
		{E5E721D5-FA01-4505-9D76-FA732E885A4F}.Debug|Any CPU.Build.0 = Debug|Any CPU
		{E5E721D5-FA01-4505-9D76-FA732E885A4F}.Release|Any CPU.ActiveCfg = Release|Any CPU
		{E5E721D5-FA01-4505-9D76-FA732E885A4F}.Release|Any CPU.Build.0 = Release|Any CPU
		{83E291EC-12D0-4457-8169-E960A9DD1732}.Debug|Any CPU.ActiveCfg = Debug|Any CPU
		{83E291EC-12D0-4457-8169-E960A9DD1732}.Debug|Any CPU.Build.0 = Debug|Any CPU
		{83E291EC-12D0-4457-8169-E960A9DD1732}.Release|Any CPU.ActiveCfg = Release|Any CPU
		{83E291EC-12D0-4457-8169-E960A9DD1732}.Release|Any CPU.Build.0 = Release|Any CPU
		{74A0DC13-2216-43B9-9D16-AAD1C8350581}.Debug|Any CPU.ActiveCfg = Debug|Any CPU
		{74A0DC13-2216-43B9-9D16-AAD1C8350581}.Debug|Any CPU.Build.0 = Debug|Any CPU
		{74A0DC13-2216-43B9-9D16-AAD1C8350581}.Release|Any CPU.ActiveCfg = Release|Any CPU
		{74A0DC13-2216-43B9-9D16-AAD1C8350581}.Release|Any CPU.Build.0 = Release|Any CPU
	EndGlobalSection
	GlobalSection(SolutionProperties) = preSolution
		HideSolutionNode = FALSE
	EndGlobalSection
	GlobalSection(ExtensibilityGlobals) = postSolution
		SolutionGuid = {23FC978D-1BFE-4D83-8947-4484CE603405}
	EndGlobalSection
EndGlobal
