
Microsoft Visual Studio Solution File, Format Version 12.00
# Visual Studio Version 17
VisualStudioVersion = 17.3.32929.385
MinimumVisualStudioVersion = 10.0.40219.1
Project("{9A19103F-16F7-4668-BE54-9A1E7A4F7556}") = "Suyaa.Hosting", "Suyaa.Hosting\Suyaa.Hosting.csproj", "{E5E721D5-FA01-4505-9D76-FA732E885A4F}"
EndProject
Project("{2150E333-8FDC-42A3-9474-1A3956D46DE8}") = "Suyaa.Token", "Suyaa.Token", "{33A40A39-EA9C-4199-8588-6CEE7B038C66}"
EndProject
Project("{9A19103F-16F7-4668-BE54-9A1E7A4F7556}") = "Suyaa.Token.Cores", "Suyaa.Token\Suyaa.Token.Core\Suyaa.Token.Cores.csproj", "{FDCD320E-5336-4497-A2A8-CF0945163FC9}"
EndProject
Project("{9A19103F-16F7-4668-BE54-9A1E7A4F7556}") = "Suyaa.Token.Apps", "Suyaa.Token\Suyaa.Token.App\Suyaa.Token.Apps.csproj", "{3006B88C-756C-4A92-9C97-E63E9FE916DC}"
EndProject
Project("{2150E333-8FDC-42A3-9474-1A3956D46DE8}") = "Suyaa.Configure", "Suyaa.Configure", "{A10CBF0F-6643-4E22-B369-CDF1B1BCCE59}"
EndProject
Project("{9A19103F-16F7-4668-BE54-9A1E7A4F7556}") = "Suyaa.Configure.Host", "Suyaa.Configure\Suyaa.Configure.Host\Suyaa.Configure.Host.csproj", "{C9655AE8-059F-489F-94B0-B21202367A67}"
EndProject
Project("{9A19103F-16F7-4668-BE54-9A1E7A4F7556}") = "Suyaa.Configure.Apps", "Suyaa.Configure\Suyaa.Configure.App\Suyaa.Configure.Apps.csproj", "{AB723391-F228-4962-A8CD-ADC15B689E4F}"
EndProject
Project("{9A19103F-16F7-4668-BE54-9A1E7A4F7556}") = "Suyaa.Configure.Cores", "Suyaa.Configure\Suyaa.Configure.Core\Suyaa.Configure.Cores.csproj", "{B64ADDAC-B064-4D96-AB7F-E08585984192}"
EndProject
Project("{9A19103F-16F7-4668-BE54-9A1E7A4F7556}") = "Suyaa.Configure.Entities", "Suyaa.Configure\Suyaa.Configure.Entity\Suyaa.Configure.Entities.csproj", "{3C780555-12C7-44C6-88B5-911E3D463943}"
EndProject
Project("{9A19103F-16F7-4668-BE54-9A1E7A4F7556}") = "Suyaa.Configure.Basic", "Suyaa.Configure\Suyaa.Configure.Basic\Suyaa.Configure.Basic.csproj", "{361B3891-2E71-4730-8FEA-7F45689EE8BC}"
EndProject
Project("{9A19103F-16F7-4668-BE54-9A1E7A4F7556}") = "Suyaa.Token.Basic", "Suyaa.Token\Suyaa.Token.Basic\Suyaa.Token.Basic.csproj", "{2F4CB806-3D15-45A9-AE12-806628D5C70A}"
EndProject
Project("{2150E333-8FDC-42A3-9474-1A3956D46DE8}") = "Suyaa.Proxy", "Suyaa.Proxy", "{4FF96C8B-AED2-4DD2-907D-66A7F5EE84E5}"
EndProject
Project("{FAE04EC0-301F-11D3-BF4B-00C04F79EFBC}") = "Suyaa.Proxy.Host", "Suyaa.Proxy\Suyaa.Proxy.Host\Suyaa.Proxy.Host.csproj", "{E6DA9E67-8AD2-4B71-8059-EE8590E3B9C1}"
EndProject
Project("{FAE04EC0-301F-11D3-BF4B-00C04F79EFBC}") = "Suyaa.Proxy.Basic", "Suyaa.Proxy\Suyaa.Proxy.Basic\Suyaa.Proxy.Basic.csproj", "{D41133FA-86C0-498F-BD6F-D39A766F8E36}"
EndProject
Project("{FAE04EC0-301F-11D3-BF4B-00C04F79EFBC}") = "Suyaa.Proxy.Apps", "Suyaa.Proxy\Suyaa.Proxy.Apps\Suyaa.Proxy.Apps.csproj", "{88CA39CF-3089-43F5-8409-5D430602B73E}"
EndProject
Global
	GlobalSection(SolutionConfigurationPlatforms) = preSolution
		Debug|Any CPU = Debug|Any CPU
		Release|Any CPU = Release|Any CPU
	EndGlobalSection
	GlobalSection(ProjectConfigurationPlatforms) = postSolution
		{E5E721D5-FA01-4505-9D76-FA732E885A4F}.Debug|Any CPU.ActiveCfg = Debug|Any CPU
		{E5E721D5-FA01-4505-9D76-FA732E885A4F}.Debug|Any CPU.Build.0 = Debug|Any CPU
		{E5E721D5-FA01-4505-9D76-FA732E885A4F}.Release|Any CPU.ActiveCfg = Release|Any CPU
		{E5E721D5-FA01-4505-9D76-FA732E885A4F}.Release|Any CPU.Build.0 = Release|Any CPU
		{FDCD320E-5336-4497-A2A8-CF0945163FC9}.Debug|Any CPU.ActiveCfg = Debug|Any CPU
		{FDCD320E-5336-4497-A2A8-CF0945163FC9}.Debug|Any CPU.Build.0 = Debug|Any CPU
		{FDCD320E-5336-4497-A2A8-CF0945163FC9}.Release|Any CPU.ActiveCfg = Release|Any CPU
		{FDCD320E-5336-4497-A2A8-CF0945163FC9}.Release|Any CPU.Build.0 = Release|Any CPU
		{3006B88C-756C-4A92-9C97-E63E9FE916DC}.Debug|Any CPU.ActiveCfg = Debug|Any CPU
		{3006B88C-756C-4A92-9C97-E63E9FE916DC}.Debug|Any CPU.Build.0 = Debug|Any CPU
		{3006B88C-756C-4A92-9C97-E63E9FE916DC}.Release|Any CPU.ActiveCfg = Release|Any CPU
		{3006B88C-756C-4A92-9C97-E63E9FE916DC}.Release|Any CPU.Build.0 = Release|Any CPU
		{C9655AE8-059F-489F-94B0-B21202367A67}.Debug|Any CPU.ActiveCfg = Debug|Any CPU
		{C9655AE8-059F-489F-94B0-B21202367A67}.Debug|Any CPU.Build.0 = Debug|Any CPU
		{C9655AE8-059F-489F-94B0-B21202367A67}.Release|Any CPU.ActiveCfg = Release|Any CPU
		{C9655AE8-059F-489F-94B0-B21202367A67}.Release|Any CPU.Build.0 = Release|Any CPU
		{AB723391-F228-4962-A8CD-ADC15B689E4F}.Debug|Any CPU.ActiveCfg = Debug|Any CPU
		{AB723391-F228-4962-A8CD-ADC15B689E4F}.Debug|Any CPU.Build.0 = Debug|Any CPU
		{AB723391-F228-4962-A8CD-ADC15B689E4F}.Release|Any CPU.ActiveCfg = Release|Any CPU
		{AB723391-F228-4962-A8CD-ADC15B689E4F}.Release|Any CPU.Build.0 = Release|Any CPU
		{B64ADDAC-B064-4D96-AB7F-E08585984192}.Debug|Any CPU.ActiveCfg = Debug|Any CPU
		{B64ADDAC-B064-4D96-AB7F-E08585984192}.Debug|Any CPU.Build.0 = Debug|Any CPU
		{B64ADDAC-B064-4D96-AB7F-E08585984192}.Release|Any CPU.ActiveCfg = Release|Any CPU
		{B64ADDAC-B064-4D96-AB7F-E08585984192}.Release|Any CPU.Build.0 = Release|Any CPU
		{3C780555-12C7-44C6-88B5-911E3D463943}.Debug|Any CPU.ActiveCfg = Debug|Any CPU
		{3C780555-12C7-44C6-88B5-911E3D463943}.Debug|Any CPU.Build.0 = Debug|Any CPU
		{3C780555-12C7-44C6-88B5-911E3D463943}.Release|Any CPU.ActiveCfg = Release|Any CPU
		{3C780555-12C7-44C6-88B5-911E3D463943}.Release|Any CPU.Build.0 = Release|Any CPU
		{361B3891-2E71-4730-8FEA-7F45689EE8BC}.Debug|Any CPU.ActiveCfg = Debug|Any CPU
		{361B3891-2E71-4730-8FEA-7F45689EE8BC}.Debug|Any CPU.Build.0 = Debug|Any CPU
		{361B3891-2E71-4730-8FEA-7F45689EE8BC}.Release|Any CPU.ActiveCfg = Release|Any CPU
		{361B3891-2E71-4730-8FEA-7F45689EE8BC}.Release|Any CPU.Build.0 = Release|Any CPU
		{2F4CB806-3D15-45A9-AE12-806628D5C70A}.Debug|Any CPU.ActiveCfg = Debug|Any CPU
		{2F4CB806-3D15-45A9-AE12-806628D5C70A}.Debug|Any CPU.Build.0 = Debug|Any CPU
		{2F4CB806-3D15-45A9-AE12-806628D5C70A}.Release|Any CPU.ActiveCfg = Release|Any CPU
		{2F4CB806-3D15-45A9-AE12-806628D5C70A}.Release|Any CPU.Build.0 = Release|Any CPU
		{E6DA9E67-8AD2-4B71-8059-EE8590E3B9C1}.Debug|Any CPU.ActiveCfg = Debug|Any CPU
		{E6DA9E67-8AD2-4B71-8059-EE8590E3B9C1}.Debug|Any CPU.Build.0 = Debug|Any CPU
		{E6DA9E67-8AD2-4B71-8059-EE8590E3B9C1}.Release|Any CPU.ActiveCfg = Release|Any CPU
		{E6DA9E67-8AD2-4B71-8059-EE8590E3B9C1}.Release|Any CPU.Build.0 = Release|Any CPU
		{D41133FA-86C0-498F-BD6F-D39A766F8E36}.Debug|Any CPU.ActiveCfg = Debug|Any CPU
		{D41133FA-86C0-498F-BD6F-D39A766F8E36}.Debug|Any CPU.Build.0 = Debug|Any CPU
		{D41133FA-86C0-498F-BD6F-D39A766F8E36}.Release|Any CPU.ActiveCfg = Release|Any CPU
		{D41133FA-86C0-498F-BD6F-D39A766F8E36}.Release|Any CPU.Build.0 = Release|Any CPU
		{88CA39CF-3089-43F5-8409-5D430602B73E}.Debug|Any CPU.ActiveCfg = Debug|Any CPU
		{88CA39CF-3089-43F5-8409-5D430602B73E}.Debug|Any CPU.Build.0 = Debug|Any CPU
		{88CA39CF-3089-43F5-8409-5D430602B73E}.Release|Any CPU.ActiveCfg = Release|Any CPU
		{88CA39CF-3089-43F5-8409-5D430602B73E}.Release|Any CPU.Build.0 = Release|Any CPU
	EndGlobalSection
	GlobalSection(SolutionProperties) = preSolution
		HideSolutionNode = FALSE
	EndGlobalSection
	GlobalSection(NestedProjects) = preSolution
		{FDCD320E-5336-4497-A2A8-CF0945163FC9} = {33A40A39-EA9C-4199-8588-6CEE7B038C66}
		{3006B88C-756C-4A92-9C97-E63E9FE916DC} = {33A40A39-EA9C-4199-8588-6CEE7B038C66}
		{C9655AE8-059F-489F-94B0-B21202367A67} = {A10CBF0F-6643-4E22-B369-CDF1B1BCCE59}
		{AB723391-F228-4962-A8CD-ADC15B689E4F} = {A10CBF0F-6643-4E22-B369-CDF1B1BCCE59}
		{B64ADDAC-B064-4D96-AB7F-E08585984192} = {A10CBF0F-6643-4E22-B369-CDF1B1BCCE59}
		{3C780555-12C7-44C6-88B5-911E3D463943} = {A10CBF0F-6643-4E22-B369-CDF1B1BCCE59}
		{361B3891-2E71-4730-8FEA-7F45689EE8BC} = {A10CBF0F-6643-4E22-B369-CDF1B1BCCE59}
		{2F4CB806-3D15-45A9-AE12-806628D5C70A} = {33A40A39-EA9C-4199-8588-6CEE7B038C66}
		{E6DA9E67-8AD2-4B71-8059-EE8590E3B9C1} = {4FF96C8B-AED2-4DD2-907D-66A7F5EE84E5}
		{D41133FA-86C0-498F-BD6F-D39A766F8E36} = {4FF96C8B-AED2-4DD2-907D-66A7F5EE84E5}
		{88CA39CF-3089-43F5-8409-5D430602B73E} = {4FF96C8B-AED2-4DD2-907D-66A7F5EE84E5}
	EndGlobalSection
	GlobalSection(ExtensibilityGlobals) = postSolution
		SolutionGuid = {23FC978D-1BFE-4D83-8947-4484CE603405}
	EndGlobalSection
EndGlobal
